// !$*UTF8*$!
{
	archiveVersion = 1;
	classes = {
	};
	objectVersion = 46;
	objects = {

/* Begin PBXBuildFile section */
		380758DD63554E2BBC738AA7 /* libPods.a in Frameworks */ = {isa = PBXBuildFile; fileRef = F10D0EAADA3E4E58A9696F2D /* libPods.a */; };
		5B03B6ED18AAA3970009FF93 /* Foundation.framework in Frameworks */ = {isa = PBXBuildFile; fileRef = 5B03B6EC18AAA3970009FF93 /* Foundation.framework */; };
		5B03B6EF18AAA3970009FF93 /* CoreGraphics.framework in Frameworks */ = {isa = PBXBuildFile; fileRef = 5B03B6EE18AAA3970009FF93 /* CoreGraphics.framework */; };
		5B03B6F118AAA3970009FF93 /* UIKit.framework in Frameworks */ = {isa = PBXBuildFile; fileRef = 5B03B6F018AAA3970009FF93 /* UIKit.framework */; };
		5B03B6F718AAA3970009FF93 /* InfoPlist.strings in Resources */ = {isa = PBXBuildFile; fileRef = 5B03B6F518AAA3970009FF93 /* InfoPlist.strings */; };
		5B03B6F918AAA3970009FF93 /* main.m in Sources */ = {isa = PBXBuildFile; fileRef = 5B03B6F818AAA3970009FF93 /* main.m */; };
		5B03B6FD18AAA3970009FF93 /* AppDelegate.m in Sources */ = {isa = PBXBuildFile; fileRef = 5B03B6FC18AAA3970009FF93 /* AppDelegate.m */; };
		5B03B70318AAA3970009FF93 /* MainViewController.m in Sources */ = {isa = PBXBuildFile; fileRef = 5B03B70218AAA3970009FF93 /* MainViewController.m */; };
		5B03B70518AAA3970009FF93 /* Images.xcassets in Resources */ = {isa = PBXBuildFile; fileRef = 5B03B70418AAA3970009FF93 /* Images.xcassets */; };
		5B03B70C18AAA3970009FF93 /* XCTest.framework in Frameworks */ = {isa = PBXBuildFile; fileRef = 5B03B70B18AAA3970009FF93 /* XCTest.framework */; };
		5B03B70D18AAA3970009FF93 /* Foundation.framework in Frameworks */ = {isa = PBXBuildFile; fileRef = 5B03B6EC18AAA3970009FF93 /* Foundation.framework */; };
		5B03B70E18AAA3970009FF93 /* UIKit.framework in Frameworks */ = {isa = PBXBuildFile; fileRef = 5B03B6F018AAA3970009FF93 /* UIKit.framework */; };
		5B03B71618AAA3970009FF93 /* InfoPlist.strings in Resources */ = {isa = PBXBuildFile; fileRef = 5B03B71418AAA3970009FF93 /* InfoPlist.strings */; };
		5B03B71818AAA3970009FF93 /* Project_BarbosaTests.m in Sources */ = {isa = PBXBuildFile; fileRef = 5B03B71718AAA3970009FF93 /* Project_BarbosaTests.m */; };
		5B0B190918B535120023967A /* TripViewController.m in Sources */ = {isa = PBXBuildFile; fileRef = 5B0B190818B535120023967A /* TripViewController.m */; };
		5B0B190A18B535120023967A /* TripViewController.m in Sources */ = {isa = PBXBuildFile; fileRef = 5B0B190818B535120023967A /* TripViewController.m */; };
		5B0B190D18B537800023967A /* TripsCollectionView.m in Sources */ = {isa = PBXBuildFile; fileRef = 5B0B190C18B537800023967A /* TripsCollectionView.m */; };
		5B0B190E18B537800023967A /* TripsCollectionView.m in Sources */ = {isa = PBXBuildFile; fileRef = 5B0B190C18B537800023967A /* TripsCollectionView.m */; };
		5B0B191118B5378E0023967A /* TripsCollectionViewCell.m in Sources */ = {isa = PBXBuildFile; fileRef = 5B0B191018B5378E0023967A /* TripsCollectionViewCell.m */; };
		5B0B191218B5378E0023967A /* TripsCollectionViewCell.m in Sources */ = {isa = PBXBuildFile; fileRef = 5B0B191018B5378E0023967A /* TripsCollectionViewCell.m */; };
		5B0B194918B53AF70023967A /* Trip.m in Sources */ = {isa = PBXBuildFile; fileRef = 5B0B194818B53AF70023967A /* Trip.m */; };
		5B0B194A18B53AF70023967A /* Trip.m in Sources */ = {isa = PBXBuildFile; fileRef = 5B0B194818B53AF70023967A /* Trip.m */; };
		5B0B194C18B53BCF0023967A /* MapKit.framework in Frameworks */ = {isa = PBXBuildFile; fileRef = 5B0B194B18B53BCF0023967A /* MapKit.framework */; };
		5B0B197618B58CC20023967A /* SystemConfiguration.framework in Frameworks */ = {isa = PBXBuildFile; fileRef = 5B0B197518B58CC20023967A /* SystemConfiguration.framework */; };
		5B1C5DEC18CE37E4009E0D22 /* User.m in Sources */ = {isa = PBXBuildFile; fileRef = 5B1C5DEB18CE37E4009E0D22 /* User.m */; };
		5B1C5DED18CE37E4009E0D22 /* User.m in Sources */ = {isa = PBXBuildFile; fileRef = 5B1C5DEB18CE37E4009E0D22 /* User.m */; };
		5B1C5DF118CE39FD009E0D22 /* LoginViewController.m in Sources */ = {isa = PBXBuildFile; fileRef = 5B1C5DF018CE39FD009E0D22 /* LoginViewController.m */; };
		5B1C5DF218CE39FD009E0D22 /* LoginViewController.m in Sources */ = {isa = PBXBuildFile; fileRef = 5B1C5DF018CE39FD009E0D22 /* LoginViewController.m */; };
		5BB9E74118BFE33100C9782E /* PBHTTPSessionManager.m in Sources */ = {isa = PBXBuildFile; fileRef = 5BB9E74018BFE33100C9782E /* PBHTTPSessionManager.m */; };
		5BB9E74218BFE33100C9782E /* PBHTTPSessionManager.m in Sources */ = {isa = PBXBuildFile; fileRef = 5BB9E74018BFE33100C9782E /* PBHTTPSessionManager.m */; };
		5BB9E74E18C050AE00C9782E /* MainViewController_Tests.m in Sources */ = {isa = PBXBuildFile; fileRef = 5BB9E74D18C050AE00C9782E /* MainViewController_Tests.m */; };
		5BB9E76518C11D2C00C9782E /* Trip_Tests.m in Sources */ = {isa = PBXBuildFile; fileRef = 5BB9E76418C11D2C00C9782E /* Trip_Tests.m */; };
		5BC42A8718BF1DA600108CC5 /* Podfile in Resources */ = {isa = PBXBuildFile; fileRef = 5BC42A8618BF1DA600108CC5 /* Podfile */; };
		5BC42A8818BF1ED100108CC5 /* Main.storyboard in Resources */ = {isa = PBXBuildFile; fileRef = 5B03B6FE18AAA3970009FF93 /* Main.storyboard */; };
		5BD5649618D10E78008209A7 /* ItineraryItem.m in Sources */ = {isa = PBXBuildFile; fileRef = 5BD5649518D10E78008209A7 /* ItineraryItem.m */; };
		5BD5649718D10E78008209A7 /* ItineraryItem.m in Sources */ = {isa = PBXBuildFile; fileRef = 5BD5649518D10E78008209A7 /* ItineraryItem.m */; };
		5BD5649A18D110DE008209A7 /* ItineraryItemTableViewCell.m in Sources */ = {isa = PBXBuildFile; fileRef = 5BD5649918D110DE008209A7 /* ItineraryItemTableViewCell.m */; };
		5BD5649B18D110DE008209A7 /* ItineraryItemTableViewCell.m in Sources */ = {isa = PBXBuildFile; fileRef = 5BD5649918D110DE008209A7 /* ItineraryItemTableViewCell.m */; };
		5BD564A218D12D18008209A7 /* TripViewMapView.m in Sources */ = {isa = PBXBuildFile; fileRef = 5BD564A118D12D18008209A7 /* TripViewMapView.m */; };
		5BD564A318D12D18008209A7 /* TripViewMapView.m in Sources */ = {isa = PBXBuildFile; fileRef = 5BD564A118D12D18008209A7 /* TripViewMapView.m */; };
		5BF81CA118D20B7B00CB7E30 /* ItineraryItemDetailView.m in Sources */ = {isa = PBXBuildFile; fileRef = 5BF81CA018D20B7B00CB7E30 /* ItineraryItemDetailView.m */; };
		5BF81CA218D20B7B00CB7E30 /* ItineraryItemDetailView.m in Sources */ = {isa = PBXBuildFile; fileRef = 5BF81CA018D20B7B00CB7E30 /* ItineraryItemDetailView.m */; };
/* End PBXBuildFile section */

/* Begin PBXContainerItemProxy section */
		5B03B70F18AAA3970009FF93 /* PBXContainerItemProxy */ = {
			isa = PBXContainerItemProxy;
			containerPortal = 5B03B6E118AAA3970009FF93 /* Project object */;
			proxyType = 1;
			remoteGlobalIDString = 5B03B6E818AAA3970009FF93;
			remoteInfo = "Project Barbosa";
		};
/* End PBXContainerItemProxy section */

/* Begin PBXFileReference section */
		5B03B6E918AAA3970009FF93 /* Project Barbosa.app */ = {isa = PBXFileReference; explicitFileType = wrapper.application; includeInIndex = 0; path = "Project Barbosa.app"; sourceTree = BUILT_PRODUCTS_DIR; };
		5B03B6EC18AAA3970009FF93 /* Foundation.framework */ = {isa = PBXFileReference; lastKnownFileType = wrapper.framework; name = Foundation.framework; path = System/Library/Frameworks/Foundation.framework; sourceTree = SDKROOT; };
		5B03B6EE18AAA3970009FF93 /* CoreGraphics.framework */ = {isa = PBXFileReference; lastKnownFileType = wrapper.framework; name = CoreGraphics.framework; path = System/Library/Frameworks/CoreGraphics.framework; sourceTree = SDKROOT; };
		5B03B6F018AAA3970009FF93 /* UIKit.framework */ = {isa = PBXFileReference; lastKnownFileType = wrapper.framework; name = UIKit.framework; path = System/Library/Frameworks/UIKit.framework; sourceTree = SDKROOT; };
		5B03B6F418AAA3970009FF93 /* Project Barbosa-Info.plist */ = {isa = PBXFileReference; lastKnownFileType = text.plist.xml; path = "Project Barbosa-Info.plist"; sourceTree = "<group>"; };
		5B03B6F618AAA3970009FF93 /* en */ = {isa = PBXFileReference; lastKnownFileType = text.plist.strings; name = en; path = en.lproj/InfoPlist.strings; sourceTree = "<group>"; };
		5B03B6F818AAA3970009FF93 /* main.m */ = {isa = PBXFileReference; lastKnownFileType = sourcecode.c.objc; path = main.m; sourceTree = "<group>"; };
		5B03B6FA18AAA3970009FF93 /* Project Barbosa-Prefix.pch */ = {isa = PBXFileReference; lastKnownFileType = sourcecode.c.h; path = "Project Barbosa-Prefix.pch"; sourceTree = "<group>"; };
		5B03B6FB18AAA3970009FF93 /* AppDelegate.h */ = {isa = PBXFileReference; lastKnownFileType = sourcecode.c.h; path = AppDelegate.h; sourceTree = "<group>"; };
		5B03B6FC18AAA3970009FF93 /* AppDelegate.m */ = {isa = PBXFileReference; lastKnownFileType = sourcecode.c.objc; path = AppDelegate.m; sourceTree = "<group>"; };
		5B03B6FF18AAA3970009FF93 /* Base */ = {isa = PBXFileReference; lastKnownFileType = file.storyboard; name = Base; path = Base.lproj/Main.storyboard; sourceTree = "<group>"; };
		5B03B70118AAA3970009FF93 /* MainViewController.h */ = {isa = PBXFileReference; lastKnownFileType = sourcecode.c.h; path = MainViewController.h; sourceTree = "<group>"; };
		5B03B70218AAA3970009FF93 /* MainViewController.m */ = {isa = PBXFileReference; lastKnownFileType = sourcecode.c.objc; path = MainViewController.m; sourceTree = "<group>"; };
		5B03B70418AAA3970009FF93 /* Images.xcassets */ = {isa = PBXFileReference; lastKnownFileType = folder.assetcatalog; path = Images.xcassets; sourceTree = "<group>"; };
		5B03B70A18AAA3970009FF93 /* Project BarbosaTests.xctest */ = {isa = PBXFileReference; explicitFileType = wrapper.cfbundle; includeInIndex = 0; path = "Project BarbosaTests.xctest"; sourceTree = BUILT_PRODUCTS_DIR; };
		5B03B70B18AAA3970009FF93 /* XCTest.framework */ = {isa = PBXFileReference; lastKnownFileType = wrapper.framework; name = XCTest.framework; path = Library/Frameworks/XCTest.framework; sourceTree = DEVELOPER_DIR; };
		5B03B71318AAA3970009FF93 /* Project BarbosaTests-Info.plist */ = {isa = PBXFileReference; lastKnownFileType = text.plist.xml; path = "Project BarbosaTests-Info.plist"; sourceTree = "<group>"; };
		5B03B71518AAA3970009FF93 /* en */ = {isa = PBXFileReference; lastKnownFileType = text.plist.strings; name = en; path = en.lproj/InfoPlist.strings; sourceTree = "<group>"; };
		5B03B71718AAA3970009FF93 /* Project_BarbosaTests.m */ = {isa = PBXFileReference; lastKnownFileType = sourcecode.c.objc; path = Project_BarbosaTests.m; sourceTree = "<group>"; };
		5B03B72118AAB11D0009FF93 /* .gitignore */ = {isa = PBXFileReference; lastKnownFileType = text; path = .gitignore; sourceTree = "<group>"; };
		5B03B72218AAB1C90009FF93 /* README.md */ = {isa = PBXFileReference; lastKnownFileType = text; path = README.md; sourceTree = "<group>"; };
		5B0B190718B535120023967A /* TripViewController.h */ = {isa = PBXFileReference; fileEncoding = 4; lastKnownFileType = sourcecode.c.h; path = TripViewController.h; sourceTree = "<group>"; };
		5B0B190818B535120023967A /* TripViewController.m */ = {isa = PBXFileReference; fileEncoding = 4; lastKnownFileType = sourcecode.c.objc; path = TripViewController.m; sourceTree = "<group>"; };
		5B0B190B18B537800023967A /* TripsCollectionView.h */ = {isa = PBXFileReference; fileEncoding = 4; lastKnownFileType = sourcecode.c.h; path = TripsCollectionView.h; sourceTree = "<group>"; };
		5B0B190C18B537800023967A /* TripsCollectionView.m */ = {isa = PBXFileReference; fileEncoding = 4; lastKnownFileType = sourcecode.c.objc; path = TripsCollectionView.m; sourceTree = "<group>"; };
		5B0B190F18B5378E0023967A /* TripsCollectionViewCell.h */ = {isa = PBXFileReference; fileEncoding = 4; lastKnownFileType = sourcecode.c.h; path = TripsCollectionViewCell.h; sourceTree = "<group>"; };
		5B0B191018B5378E0023967A /* TripsCollectionViewCell.m */ = {isa = PBXFileReference; fileEncoding = 4; lastKnownFileType = sourcecode.c.objc; path = TripsCollectionViewCell.m; sourceTree = "<group>"; };
		5B0B194718B53AF70023967A /* Trip.h */ = {isa = PBXFileReference; fileEncoding = 4; lastKnownFileType = sourcecode.c.h; path = Trip.h; sourceTree = "<group>"; };
		5B0B194818B53AF70023967A /* Trip.m */ = {isa = PBXFileReference; fileEncoding = 4; lastKnownFileType = sourcecode.c.objc; path = Trip.m; sourceTree = "<group>"; };
		5B0B194B18B53BCF0023967A /* MapKit.framework */ = {isa = PBXFileReference; lastKnownFileType = wrapper.framework; name = MapKit.framework; path = System/Library/Frameworks/MapKit.framework; sourceTree = SDKROOT; };
		5B0B197318B58C870023967A /* CoreData.framework */ = {isa = PBXFileReference; lastKnownFileType = wrapper.framework; name = CoreData.framework; path = System/Library/Frameworks/CoreData.framework; sourceTree = SDKROOT; };
		5B0B197518B58CC20023967A /* SystemConfiguration.framework */ = {isa = PBXFileReference; lastKnownFileType = wrapper.framework; name = SystemConfiguration.framework; path = System/Library/Frameworks/SystemConfiguration.framework; sourceTree = SDKROOT; };
		5B1C5DEA18CE37E4009E0D22 /* User.h */ = {isa = PBXFileReference; fileEncoding = 4; lastKnownFileType = sourcecode.c.h; path = User.h; sourceTree = "<group>"; };
		5B1C5DEB18CE37E4009E0D22 /* User.m */ = {isa = PBXFileReference; fileEncoding = 4; lastKnownFileType = sourcecode.c.objc; path = User.m; sourceTree = "<group>"; };
		5B1C5DEF18CE39FD009E0D22 /* LoginViewController.h */ = {isa = PBXFileReference; fileEncoding = 4; lastKnownFileType = sourcecode.c.h; path = LoginViewController.h; sourceTree = "<group>"; };
		5B1C5DF018CE39FD009E0D22 /* LoginViewController.m */ = {isa = PBXFileReference; fileEncoding = 4; lastKnownFileType = sourcecode.c.objc; path = LoginViewController.m; sourceTree = "<group>"; };
		5BB9E73F18BFE33100C9782E /* PBHTTPSessionManager.h */ = {isa = PBXFileReference; fileEncoding = 4; lastKnownFileType = sourcecode.c.h; path = PBHTTPSessionManager.h; sourceTree = "<group>"; };
		5BB9E74018BFE33100C9782E /* PBHTTPSessionManager.m */ = {isa = PBXFileReference; fileEncoding = 4; lastKnownFileType = sourcecode.c.objc; path = PBHTTPSessionManager.m; sourceTree = "<group>"; };
		5BB9E74D18C050AE00C9782E /* MainViewController_Tests.m */ = {isa = PBXFileReference; fileEncoding = 4; lastKnownFileType = sourcecode.c.objc; path = MainViewController_Tests.m; sourceTree = "<group>"; };
		5BB9E76418C11D2C00C9782E /* Trip_Tests.m */ = {isa = PBXFileReference; fileEncoding = 4; lastKnownFileType = sourcecode.c.objc; path = Trip_Tests.m; sourceTree = "<group>"; };
		5BC42A8618BF1DA600108CC5 /* Podfile */ = {isa = PBXFileReference; fileEncoding = 4; lastKnownFileType = text; path = Podfile; sourceTree = "<group>"; xcLanguageSpecificationIdentifier = xcode.lang.ruby; };
		5BC5BAC118CE12FF0062D2E2 /* .travis.yml */ = {isa = PBXFileReference; lastKnownFileType = text; path = .travis.yml; sourceTree = "<group>"; };
		5BD5649418D10E78008209A7 /* ItineraryItem.h */ = {isa = PBXFileReference; fileEncoding = 4; lastKnownFileType = sourcecode.c.h; path = ItineraryItem.h; sourceTree = "<group>"; };
		5BD5649518D10E78008209A7 /* ItineraryItem.m */ = {isa = PBXFileReference; fileEncoding = 4; lastKnownFileType = sourcecode.c.objc; path = ItineraryItem.m; sourceTree = "<group>"; };
		5BD5649818D110DE008209A7 /* ItineraryItemTableViewCell.h */ = {isa = PBXFileReference; fileEncoding = 4; lastKnownFileType = sourcecode.c.h; path = ItineraryItemTableViewCell.h; sourceTree = "<group>"; };
		5BD5649918D110DE008209A7 /* ItineraryItemTableViewCell.m */ = {isa = PBXFileReference; fileEncoding = 4; lastKnownFileType = sourcecode.c.objc; path = ItineraryItemTableViewCell.m; sourceTree = "<group>"; };
		5BD564A018D12D18008209A7 /* TripViewMapView.h */ = {isa = PBXFileReference; fileEncoding = 4; lastKnownFileType = sourcecode.c.h; path = TripViewMapView.h; sourceTree = "<group>"; };
		5BD564A118D12D18008209A7 /* TripViewMapView.m */ = {isa = PBXFileReference; fileEncoding = 4; lastKnownFileType = sourcecode.c.objc; path = TripViewMapView.m; sourceTree = "<group>"; };
		5BF81C9F18D20B7B00CB7E30 /* ItineraryItemDetailView.h */ = {isa = PBXFileReference; fileEncoding = 4; lastKnownFileType = sourcecode.c.h; path = ItineraryItemDetailView.h; sourceTree = "<group>"; };
		5BF81CA018D20B7B00CB7E30 /* ItineraryItemDetailView.m */ = {isa = PBXFileReference; fileEncoding = 4; lastKnownFileType = sourcecode.c.objc; path = ItineraryItemDetailView.m; sourceTree = "<group>"; };
		8259536925E2485C86AB55F5 /* Pods.xcconfig */ = {isa = PBXFileReference; includeInIndex = 1; lastKnownFileType = text.xcconfig; name = Pods.xcconfig; path = Pods/Pods.xcconfig; sourceTree = "<group>"; };
		F10D0EAADA3E4E58A9696F2D /* libPods.a */ = {isa = PBXFileReference; explicitFileType = archive.ar; includeInIndex = 0; path = libPods.a; sourceTree = BUILT_PRODUCTS_DIR; };
/* End PBXFileReference section */

/* Begin PBXFrameworksBuildPhase section */
		5B03B6E618AAA3970009FF93 /* Frameworks */ = {
			isa = PBXFrameworksBuildPhase;
			buildActionMask = 2147483647;
			files = (
				5B0B197618B58CC20023967A /* SystemConfiguration.framework in Frameworks */,
				5B0B194C18B53BCF0023967A /* MapKit.framework in Frameworks */,
				5B03B6EF18AAA3970009FF93 /* CoreGraphics.framework in Frameworks */,
				5B03B6F118AAA3970009FF93 /* UIKit.framework in Frameworks */,
				5B03B6ED18AAA3970009FF93 /* Foundation.framework in Frameworks */,
				380758DD63554E2BBC738AA7 /* libPods.a in Frameworks */,
			);
			runOnlyForDeploymentPostprocessing = 0;
		};
		5B03B70718AAA3970009FF93 /* Frameworks */ = {
			isa = PBXFrameworksBuildPhase;
			buildActionMask = 2147483647;
			files = (
				5B03B70C18AAA3970009FF93 /* XCTest.framework in Frameworks */,
				5B03B70E18AAA3970009FF93 /* UIKit.framework in Frameworks */,
				5B03B70D18AAA3970009FF93 /* Foundation.framework in Frameworks */,
			);
			runOnlyForDeploymentPostprocessing = 0;
		};
/* End PBXFrameworksBuildPhase section */

/* Begin PBXGroup section */
		5B03B6E018AAA3970009FF93 = {
			isa = PBXGroup;
			children = (
				5BC5BAC118CE12FF0062D2E2 /* .travis.yml */,
				5B03B72118AAB11D0009FF93 /* .gitignore */,
				5B03B72218AAB1C90009FF93 /* README.md */,
				5BC42A8618BF1DA600108CC5 /* Podfile */,
				5B03B6F218AAA3970009FF93 /* Project Barbosa */,
				5B03B71118AAA3970009FF93 /* Project BarbosaTests */,
				5B03B6EB18AAA3970009FF93 /* Frameworks */,
				5B03B6EA18AAA3970009FF93 /* Products */,
				8259536925E2485C86AB55F5 /* Pods.xcconfig */,
			);
			sourceTree = "<group>";
		};
		5B03B6EA18AAA3970009FF93 /* Products */ = {
			isa = PBXGroup;
			children = (
				5B03B6E918AAA3970009FF93 /* Project Barbosa.app */,
				5B03B70A18AAA3970009FF93 /* Project BarbosaTests.xctest */,
			);
			name = Products;
			sourceTree = "<group>";
		};
		5B03B6EB18AAA3970009FF93 /* Frameworks */ = {
			isa = PBXGroup;
			children = (
				5B0B197518B58CC20023967A /* SystemConfiguration.framework */,
				5B0B197318B58C870023967A /* CoreData.framework */,
				5B0B194B18B53BCF0023967A /* MapKit.framework */,
				5B03B6EC18AAA3970009FF93 /* Foundation.framework */,
				5B03B6EE18AAA3970009FF93 /* CoreGraphics.framework */,
				5B03B6F018AAA3970009FF93 /* UIKit.framework */,
				5B03B70B18AAA3970009FF93 /* XCTest.framework */,
				F10D0EAADA3E4E58A9696F2D /* libPods.a */,
			);
			name = Frameworks;
			sourceTree = "<group>";
		};
		5B03B6F218AAA3970009FF93 /* Project Barbosa */ = {
			isa = PBXGroup;
			children = (
				5B03B6FB18AAA3970009FF93 /* AppDelegate.h */,
				5B03B6FC18AAA3970009FF93 /* AppDelegate.m */,
				5B03B6FE18AAA3970009FF93 /* Main.storyboard */,
				5B0B191318B539ED0023967A /* Models */,
				5B93469918B32F8D00F6B26B /* MainView */,
				5B0B190218B534E40023967A /* TripView */,
				5B1C5DEE18CE39AB009E0D22 /* LoginView */,
				5BB9E74718C0175C00C9782E /* PB */,
				5B03B70418AAA3970009FF93 /* Images.xcassets */,
				5B03B6F318AAA3970009FF93 /* Supporting Files */,
			);
			path = "Project Barbosa";
			sourceTree = "<group>";
		};
		5B03B6F318AAA3970009FF93 /* Supporting Files */ = {
			isa = PBXGroup;
			children = (
				5B03B6F418AAA3970009FF93 /* Project Barbosa-Info.plist */,
				5B03B6F518AAA3970009FF93 /* InfoPlist.strings */,
				5B03B6F818AAA3970009FF93 /* main.m */,
				5B03B6FA18AAA3970009FF93 /* Project Barbosa-Prefix.pch */,
			);
			name = "Supporting Files";
			sourceTree = "<group>";
		};
		5B03B71118AAA3970009FF93 /* Project BarbosaTests */ = {
			isa = PBXGroup;
			children = (
				5B03B71718AAA3970009FF93 /* Project_BarbosaTests.m */,
				5BB9E74D18C050AE00C9782E /* MainViewController_Tests.m */,
				5BB9E76418C11D2C00C9782E /* Trip_Tests.m */,
				5B03B71218AAA3970009FF93 /* Supporting Files */,
			);
			path = "Project BarbosaTests";
			sourceTree = "<group>";
		};
		5B03B71218AAA3970009FF93 /* Supporting Files */ = {
			isa = PBXGroup;
			children = (
				5B03B71318AAA3970009FF93 /* Project BarbosaTests-Info.plist */,
				5B03B71418AAA3970009FF93 /* InfoPlist.strings */,
			);
			name = "Supporting Files";
			sourceTree = "<group>";
		};
		5B0B190218B534E40023967A /* TripView */ = {
			isa = PBXGroup;
			children = (
				5B0B190718B535120023967A /* TripViewController.h */,
				5B0B190818B535120023967A /* TripViewController.m */,
				5BD5649818D110DE008209A7 /* ItineraryItemTableViewCell.h */,
				5BD5649918D110DE008209A7 /* ItineraryItemTableViewCell.m */,
				5BD564A018D12D18008209A7 /* TripViewMapView.h */,
				5BD564A118D12D18008209A7 /* TripViewMapView.m */,
				5BF81C9F18D20B7B00CB7E30 /* ItineraryItemDetailView.h */,
				5BF81CA018D20B7B00CB7E30 /* ItineraryItemDetailView.m */,
			);
			name = TripView;
			sourceTree = "<group>";
		};
		5B0B191318B539ED0023967A /* Models */ = {
			isa = PBXGroup;
			children = (
				5B0B194718B53AF70023967A /* Trip.h */,
				5B0B194818B53AF70023967A /* Trip.m */,
				5B1C5DEA18CE37E4009E0D22 /* User.h */,
				5B1C5DEB18CE37E4009E0D22 /* User.m */,
				5BD5649418D10E78008209A7 /* ItineraryItem.h */,
				5BD5649518D10E78008209A7 /* ItineraryItem.m */,
			);
			name = Models;
			sourceTree = "<group>";
		};
		5B1C5DEE18CE39AB009E0D22 /* LoginView */ = {
			isa = PBXGroup;
			children = (
				5B1C5DEF18CE39FD009E0D22 /* LoginViewController.h */,
				5B1C5DF018CE39FD009E0D22 /* LoginViewController.m */,
			);
			name = LoginView;
			sourceTree = "<group>";
		};
		5B93469918B32F8D00F6B26B /* MainView */ = {
			isa = PBXGroup;
			children = (
				5B03B70118AAA3970009FF93 /* MainViewController.h */,
				5B03B70218AAA3970009FF93 /* MainViewController.m */,
				5B0B190B18B537800023967A /* TripsCollectionView.h */,
				5B0B190C18B537800023967A /* TripsCollectionView.m */,
				5B0B190F18B5378E0023967A /* TripsCollectionViewCell.h */,
				5B0B191018B5378E0023967A /* TripsCollectionViewCell.m */,
			);
			name = MainView;
			sourceTree = "<group>";
		};
		5BB9E74718C0175C00C9782E /* PB */ = {
			isa = PBXGroup;
			children = (
				5BB9E73F18BFE33100C9782E /* PBHTTPSessionManager.h */,
				5BB9E74018BFE33100C9782E /* PBHTTPSessionManager.m */,
			);
			name = PB;
			sourceTree = "<group>";
		};
/* End PBXGroup section */

/* Begin PBXNativeTarget section */
		5B03B6E818AAA3970009FF93 /* Project Barbosa */ = {
			isa = PBXNativeTarget;
			buildConfigurationList = 5B03B71B18AAA3970009FF93 /* Build configuration list for PBXNativeTarget "Project Barbosa" */;
			buildPhases = (
				DB221A359A074571A519965D /* Check Pods Manifest.lock */,
				5B03B6E518AAA3970009FF93 /* Sources */,
				5B03B6E618AAA3970009FF93 /* Frameworks */,
				5B03B6E718AAA3970009FF93 /* Resources */,
				C658AF977CB94424AACEED12 /* Copy Pods Resources */,
			);
			buildRules = (
			);
			dependencies = (
			);
			name = "Project Barbosa";
			productName = "Project Barbosa";
			productReference = 5B03B6E918AAA3970009FF93 /* Project Barbosa.app */;
			productType = "com.apple.product-type.application";
		};
		5B03B70918AAA3970009FF93 /* Project BarbosaTests */ = {
			isa = PBXNativeTarget;
			buildConfigurationList = 5B03B71E18AAA3970009FF93 /* Build configuration list for PBXNativeTarget "Project BarbosaTests" */;
			buildPhases = (
				5B03B70618AAA3970009FF93 /* Sources */,
				5B03B70718AAA3970009FF93 /* Frameworks */,
				5B03B70818AAA3970009FF93 /* Resources */,
			);
			buildRules = (
			);
			dependencies = (
				5B03B71018AAA3970009FF93 /* PBXTargetDependency */,
			);
			name = "Project BarbosaTests";
			productName = "Project BarbosaTests";
			productReference = 5B03B70A18AAA3970009FF93 /* Project BarbosaTests.xctest */;
			productType = "com.apple.product-type.bundle.unit-test";
		};
/* End PBXNativeTarget section */

/* Begin PBXProject section */
		5B03B6E118AAA3970009FF93 /* Project object */ = {
			isa = PBXProject;
			attributes = {
				LastUpgradeCheck = 0510;
				ORGANIZATIONNAME = "Project Barbosa";
				TargetAttributes = {
					5B03B70918AAA3970009FF93 = {
						TestTargetID = 5B03B6E818AAA3970009FF93;
					};
				};
			};
			buildConfigurationList = 5B03B6E418AAA3970009FF93 /* Build configuration list for PBXProject "Project Barbosa" */;
			compatibilityVersion = "Xcode 3.2";
			developmentRegion = English;
			hasScannedForEncodings = 0;
			knownRegions = (
				en,
				Base,
			);
			mainGroup = 5B03B6E018AAA3970009FF93;
			productRefGroup = 5B03B6EA18AAA3970009FF93 /* Products */;
			projectDirPath = "";
			projectRoot = "";
			targets = (
				5B03B6E818AAA3970009FF93 /* Project Barbosa */,
				5B03B70918AAA3970009FF93 /* Project BarbosaTests */,
			);
		};
/* End PBXProject section */

/* Begin PBXResourcesBuildPhase section */
		5B03B6E718AAA3970009FF93 /* Resources */ = {
			isa = PBXResourcesBuildPhase;
			buildActionMask = 2147483647;
			files = (
				5B03B70518AAA3970009FF93 /* Images.xcassets in Resources */,
				5B03B6F718AAA3970009FF93 /* InfoPlist.strings in Resources */,
				5BC42A8718BF1DA600108CC5 /* Podfile in Resources */,
				5BC42A8818BF1ED100108CC5 /* Main.storyboard in Resources */,
			);
			runOnlyForDeploymentPostprocessing = 0;
		};
		5B03B70818AAA3970009FF93 /* Resources */ = {
			isa = PBXResourcesBuildPhase;
			buildActionMask = 2147483647;
			files = (
				5B03B71618AAA3970009FF93 /* InfoPlist.strings in Resources */,
			);
			runOnlyForDeploymentPostprocessing = 0;
		};
/* End PBXResourcesBuildPhase section */

/* Begin PBXShellScriptBuildPhase section */
		C658AF977CB94424AACEED12 /* Copy Pods Resources */ = {
			isa = PBXShellScriptBuildPhase;
			buildActionMask = 2147483647;
			files = (
			);
			inputPaths = (
			);
			name = "Copy Pods Resources";
			outputPaths = (
			);
			runOnlyForDeploymentPostprocessing = 0;
			shellPath = /bin/sh;
			shellScript = "\"${SRCROOT}/Pods/Pods-resources.sh\"\n";
			showEnvVarsInLog = 0;
		};
		DB221A359A074571A519965D /* Check Pods Manifest.lock */ = {
			isa = PBXShellScriptBuildPhase;
			buildActionMask = 2147483647;
			files = (
			);
			inputPaths = (
			);
			name = "Check Pods Manifest.lock";
			outputPaths = (
			);
			runOnlyForDeploymentPostprocessing = 0;
			shellPath = /bin/sh;
			shellScript = "diff \"${PODS_ROOT}/../Podfile.lock\" \"${PODS_ROOT}/Manifest.lock\" > /dev/null\nif [[ $? != 0 ]] ; then\n    cat << EOM\nerror: The sandbox is not in sync with the Podfile.lock. Run 'pod install' or update your CocoaPods installation.\nEOM\n    exit 1\nfi\n";
			showEnvVarsInLog = 0;
		};
/* End PBXShellScriptBuildPhase section */

/* Begin PBXSourcesBuildPhase section */
		5B03B6E518AAA3970009FF93 /* Sources */ = {
			isa = PBXSourcesBuildPhase;
			buildActionMask = 2147483647;
			files = (
				5B0B190D18B537800023967A /* TripsCollectionView.m in Sources */,
				5B03B70318AAA3970009FF93 /* MainViewController.m in Sources */,
				5BF81CA118D20B7B00CB7E30 /* ItineraryItemDetailView.m in Sources */,
				5B1C5DEC18CE37E4009E0D22 /* User.m in Sources */,
				5B0B194918B53AF70023967A /* Trip.m in Sources */,
				5BD564A218D12D18008209A7 /* TripViewMapView.m in Sources */,
				5BD5649A18D110DE008209A7 /* ItineraryItemTableViewCell.m in Sources */,
				5B1C5DF118CE39FD009E0D22 /* LoginViewController.m in Sources */,
				5B03B6FD18AAA3970009FF93 /* AppDelegate.m in Sources */,
				5B0B190918B535120023967A /* TripViewController.m in Sources */,
				5B03B6F918AAA3970009FF93 /* main.m in Sources */,
				5BB9E74118BFE33100C9782E /* PBHTTPSessionManager.m in Sources */,
				5B0B191118B5378E0023967A /* TripsCollectionViewCell.m in Sources */,
				5BD5649618D10E78008209A7 /* ItineraryItem.m in Sources */,
			);
			runOnlyForDeploymentPostprocessing = 0;
		};
		5B03B70618AAA3970009FF93 /* Sources */ = {
			isa = PBXSourcesBuildPhase;
			buildActionMask = 2147483647;
			files = (
				5BB9E76518C11D2C00C9782E /* Trip_Tests.m in Sources */,
				5B1C5DF218CE39FD009E0D22 /* LoginViewController.m in Sources */,
				5BF81CA218D20B7B00CB7E30 /* ItineraryItemDetailView.m in Sources */,
				5B0B194A18B53AF70023967A /* Trip.m in Sources */,
				5B1C5DED18CE37E4009E0D22 /* User.m in Sources */,
				5BD564A318D12D18008209A7 /* TripViewMapView.m in Sources */,
				5BD5649B18D110DE008209A7 /* ItineraryItemTableViewCell.m in Sources */,
				5BB9E74218BFE33100C9782E /* PBHTTPSessionManager.m in Sources */,
				5B03B71818AAA3970009FF93 /* Project_BarbosaTests.m in Sources */,
				5B0B191218B5378E0023967A /* TripsCollectionViewCell.m in Sources */,
				5BB9E74E18C050AE00C9782E /* MainViewController_Tests.m in Sources */,
				5B0B190A18B535120023967A /* TripViewController.m in Sources */,
				5B0B190E18B537800023967A /* TripsCollectionView.m in Sources */,
				5BD5649718D10E78008209A7 /* ItineraryItem.m in Sources */,
			);
			runOnlyForDeploymentPostprocessing = 0;
		};
/* End PBXSourcesBuildPhase section */

/* Begin PBXTargetDependency section */
		5B03B71018AAA3970009FF93 /* PBXTargetDependency */ = {
			isa = PBXTargetDependency;
			target = 5B03B6E818AAA3970009FF93 /* Project Barbosa */;
			targetProxy = 5B03B70F18AAA3970009FF93 /* PBXContainerItemProxy */;
		};
/* End PBXTargetDependency section */

/* Begin PBXVariantGroup section */
		5B03B6F518AAA3970009FF93 /* InfoPlist.strings */ = {
			isa = PBXVariantGroup;
			children = (
				5B03B6F618AAA3970009FF93 /* en */,
			);
			name = InfoPlist.strings;
			sourceTree = "<group>";
		};
		5B03B6FE18AAA3970009FF93 /* Main.storyboard */ = {
			isa = PBXVariantGroup;
			children = (
				5B03B6FF18AAA3970009FF93 /* Base */,
			);
			name = Main.storyboard;
			sourceTree = "<group>";
		};
		5B03B71418AAA3970009FF93 /* InfoPlist.strings */ = {
			isa = PBXVariantGroup;
			children = (
				5B03B71518AAA3970009FF93 /* en */,
			);
			name = InfoPlist.strings;
			sourceTree = "<group>";
		};
/* End PBXVariantGroup section */

/* Begin XCBuildConfiguration section */
		5B03B71918AAA3970009FF93 /* Debug */ = {
			isa = XCBuildConfiguration;
			buildSettings = {
				ALWAYS_SEARCH_USER_PATHS = NO;
				CLANG_CXX_LANGUAGE_STANDARD = "gnu++0x";
				CLANG_CXX_LIBRARY = "libc++";
				CLANG_ENABLE_MODULES = YES;
				CLANG_ENABLE_OBJC_ARC = YES;
				CLANG_WARN_BOOL_CONVERSION = YES;
				CLANG_WARN_CONSTANT_CONVERSION = YES;
				CLANG_WARN_DIRECT_OBJC_ISA_USAGE = YES_ERROR;
				CLANG_WARN_EMPTY_BODY = YES;
				CLANG_WARN_ENUM_CONVERSION = YES;
				CLANG_WARN_INT_CONVERSION = YES;
				CLANG_WARN_OBJC_ROOT_CLASS = YES_ERROR;
				CLANG_WARN__DUPLICATE_METHOD_MATCH = YES;
				"CODE_SIGN_IDENTITY[sdk=iphoneos*]" = "iPhone Developer";
				COPY_PHASE_STRIP = NO;
				GCC_C_LANGUAGE_STANDARD = gnu99;
				GCC_DYNAMIC_NO_PIC = NO;
				GCC_OPTIMIZATION_LEVEL = 0;
				GCC_PREPROCESSOR_DEFINITIONS = (
					"DEBUG=1",
					"$(inherited)",
				);
				GCC_SYMBOLS_PRIVATE_EXTERN = NO;
				GCC_WARN_64_TO_32_BIT_CONVERSION = YES;
				GCC_WARN_ABOUT_RETURN_TYPE = YES_ERROR;
				GCC_WARN_UNDECLARED_SELECTOR = YES;
				GCC_WARN_UNINITIALIZED_AUTOS = YES;
				GCC_WARN_UNUSED_FUNCTION = YES;
				GCC_WARN_UNUSED_VARIABLE = YES;
				IPHONEOS_DEPLOYMENT_TARGET = 7.0;
				ONLY_ACTIVE_ARCH = YES;
				SDKROOT = iphoneos;
				TARGETED_DEVICE_FAMILY = 2;
			};
			name = Debug;
		};
		5B03B71A18AAA3970009FF93 /* Release */ = {
			isa = XCBuildConfiguration;
			buildSettings = {
				ALWAYS_SEARCH_USER_PATHS = NO;
				CLANG_CXX_LANGUAGE_STANDARD = "gnu++0x";
				CLANG_CXX_LIBRARY = "libc++";
				CLANG_ENABLE_MODULES = YES;
				CLANG_ENABLE_OBJC_ARC = YES;
				CLANG_WARN_BOOL_CONVERSION = YES;
				CLANG_WARN_CONSTANT_CONVERSION = YES;
				CLANG_WARN_DIRECT_OBJC_ISA_USAGE = YES_ERROR;
				CLANG_WARN_EMPTY_BODY = YES;
				CLANG_WARN_ENUM_CONVERSION = YES;
				CLANG_WARN_INT_CONVERSION = YES;
				CLANG_WARN_OBJC_ROOT_CLASS = YES_ERROR;
				CLANG_WARN__DUPLICATE_METHOD_MATCH = YES;
				"CODE_SIGN_IDENTITY[sdk=iphoneos*]" = "iPhone Developer";
				COPY_PHASE_STRIP = YES;
				ENABLE_NS_ASSERTIONS = NO;
				GCC_C_LANGUAGE_STANDARD = gnu99;
				GCC_WARN_64_TO_32_BIT_CONVERSION = YES;
				GCC_WARN_ABOUT_RETURN_TYPE = YES_ERROR;
				GCC_WARN_UNDECLARED_SELECTOR = YES;
				GCC_WARN_UNINITIALIZED_AUTOS = YES;
				GCC_WARN_UNUSED_FUNCTION = YES;
				GCC_WARN_UNUSED_VARIABLE = YES;
				IPHONEOS_DEPLOYMENT_TARGET = 7.0;
				SDKROOT = iphoneos;
				TARGETED_DEVICE_FAMILY = 2;
				VALIDATE_PRODUCT = YES;
			};
			name = Release;
		};
		5B03B71C18AAA3970009FF93 /* Debug */ = {
			isa = XCBuildConfiguration;
			baseConfigurationReference = 8259536925E2485C86AB55F5 /* Pods.xcconfig */;
			buildSettings = {
				ASSETCATALOG_COMPILER_APPICON_NAME = AppIcon;
				ASSETCATALOG_COMPILER_LAUNCHIMAGE_NAME = LaunchImage;
				GCC_PRECOMPILE_PREFIX_HEADER = YES;
				GCC_PREFIX_HEADER = "Project Barbosa/Project Barbosa-Prefix.pch";
				INFOPLIST_FILE = "Project Barbosa/Project Barbosa-Info.plist";
				IPHONEOS_DEPLOYMENT_TARGET = 7.0;
				PRODUCT_NAME = "$(TARGET_NAME)";
				WRAPPER_EXTENSION = app;
			};
			name = Debug;
		};
		5B03B71D18AAA3970009FF93 /* Release */ = {
			isa = XCBuildConfiguration;
			baseConfigurationReference = 8259536925E2485C86AB55F5 /* Pods.xcconfig */;
			buildSettings = {
				ASSETCATALOG_COMPILER_APPICON_NAME = AppIcon;
				ASSETCATALOG_COMPILER_LAUNCHIMAGE_NAME = LaunchImage;
				GCC_PRECOMPILE_PREFIX_HEADER = YES;
				GCC_PREFIX_HEADER = "Project Barbosa/Project Barbosa-Prefix.pch";
				INFOPLIST_FILE = "Project Barbosa/Project Barbosa-Info.plist";
				IPHONEOS_DEPLOYMENT_TARGET = 7.0;
				PRODUCT_NAME = "$(TARGET_NAME)";
				WRAPPER_EXTENSION = app;
			};
			name = Release;
		};
		5B03B71F18AAA3970009FF93 /* Debug */ = {
			isa = XCBuildConfiguration;
			baseConfigurationReference = 8259536925E2485C86AB55F5 /* Pods.xcconfig */;
			buildSettings = {
				BUNDLE_LOADER = "$(BUILT_PRODUCTS_DIR)/Project Barbosa.app/Project Barbosa";
				FRAMEWORK_SEARCH_PATHS = (
					"$(SDKROOT)/Developer/Library/Frameworks",
					"$(inherited)",
					"$(DEVELOPER_FRAMEWORKS_DIR)",
				);
				GCC_PRECOMPILE_PREFIX_HEADER = YES;
				GCC_PREFIX_HEADER = "Project Barbosa/Project Barbosa-Prefix.pch";
				GCC_PREPROCESSOR_DEFINITIONS = (
					"DEBUG=1",
					"$(inherited)",
				);
				INFOPLIST_FILE = "Project BarbosaTests/Project BarbosaTests-Info.plist";
				PRODUCT_NAME = "$(TARGET_NAME)";
				TEST_HOST = "$(BUNDLE_LOADER)";
				WRAPPER_EXTENSION = xctest;
			};
			name = Debug;
		};
		5B03B72018AAA3970009FF93 /* Release */ = {
			isa = XCBuildConfiguration;
			baseConfigurationReference = 8259536925E2485C86AB55F5 /* Pods.xcconfig */;
			buildSettings = {
				BUNDLE_LOADER = "$(BUILT_PRODUCTS_DIR)/Project Barbosa.app/Project Barbosa";
				FRAMEWORK_SEARCH_PATHS = (
					"$(SDKROOT)/Developer/Library/Frameworks",
					"$(inherited)",
					"$(DEVELOPER_FRAMEWORKS_DIR)",
				);
				GCC_PRECOMPILE_PREFIX_HEADER = YES;
				GCC_PREFIX_HEADER = "Project Barbosa/Project Barbosa-Prefix.pch";
				INFOPLIST_FILE = "Project BarbosaTests/Project BarbosaTests-Info.plist";
				PRODUCT_NAME = "$(TARGET_NAME)";
				TEST_HOST = "$(BUNDLE_LOADER)";
				WRAPPER_EXTENSION = xctest;
			};
			name = Release;
		};
/* End XCBuildConfiguration section */

/* Begin XCConfigurationList section */
		5B03B6E418AAA3970009FF93 /* Build configuration list for PBXProject "Project Barbosa" */ = {
			isa = XCConfigurationList;
			buildConfigurations = (
				5B03B71918AAA3970009FF93 /* Debug */,
				5B03B71A18AAA3970009FF93 /* Release */,
			);
			defaultConfigurationIsVisible = 0;
			defaultConfigurationName = Release;
		};
		5B03B71B18AAA3970009FF93 /* Build configuration list for PBXNativeTarget "Project Barbosa" */ = {
			isa = XCConfigurationList;
			buildConfigurations = (
				5B03B71C18AAA3970009FF93 /* Debug */,
				5B03B71D18AAA3970009FF93 /* Release */,
			);
			defaultConfigurationIsVisible = 0;
			defaultConfigurationName = Release;
		};
		5B03B71E18AAA3970009FF93 /* Build configuration list for PBXNativeTarget "Project BarbosaTests" */ = {
			isa = XCConfigurationList;
			buildConfigurations = (
				5B03B71F18AAA3970009FF93 /* Debug */,
				5B03B72018AAA3970009FF93 /* Release */,
			);
			defaultConfigurationIsVisible = 0;
			defaultConfigurationName = Release;
		};
/* End XCConfigurationList section */
	};
	rootObject = 5B03B6E118AAA3970009FF93 /* Project object */;
}
